
Microsoft Visual Studio Solution File, Format Version 12.00
# Visual Studio Version 17
VisualStudioVersion = 17.8.34330.188
MinimumVisualStudioVersion = 10.0.40219.1
Project("{9A19103F-16F7-4668-BE54-9A1E7A4F7556}") = "VidiView.Api.DataModel", "VidiView.Api.DataModel\VidiView.Api.DataModel.csproj", "{E3E761D0-0D52-480D-BF88-F0E86271A5BE}"
EndProject
Project("{9A19103F-16F7-4668-BE54-9A1E7A4F7556}") = "VidiView.Api.Helpers", "VidiView.Api.Helpers\VidiView.Api.Helpers.csproj", "{E9CEBD42-B6F5-421D-A44B-516F0FA6D709}"
EndProject
Project("{9A19103F-16F7-4668-BE54-9A1E7A4F7556}") = "VidiView.Api.Configuration", "VidiView.Api.Configuration\VidiView.Api.Configuration.csproj", "{B46C2AD9-C423-4A15-9B37-2EFB0F0812FF}"
EndProject
Project("{FAE04EC0-301F-11D3-BF4B-00C04F79EFBC}") = "VidiView.Api.DataModel.Test", "VidiView.Api.DataModel.Test\VidiView.Api.DataModel.Test.csproj", "{BFBFC4F7-4D4B-4698-A37C-0AA4AB41C88C}"
EndProject
Global
	GlobalSection(SolutionConfigurationPlatforms) = preSolution
		Debug|Any CPU = Debug|Any CPU
		Debug|x64 = Debug|x64
		Release|Any CPU = Release|Any CPU
		Release|x64 = Release|x64
	EndGlobalSection
	GlobalSection(ProjectConfigurationPlatforms) = postSolution
		{E3E761D0-0D52-480D-BF88-F0E86271A5BE}.Debug|Any CPU.ActiveCfg = Debug|Any CPU
		{E3E761D0-0D52-480D-BF88-F0E86271A5BE}.Debug|Any CPU.Build.0 = Debug|Any CPU
		{E3E761D0-0D52-480D-BF88-F0E86271A5BE}.Debug|x64.ActiveCfg = Debug|x64
		{E3E761D0-0D52-480D-BF88-F0E86271A5BE}.Debug|x64.Build.0 = Debug|x64
		{E3E761D0-0D52-480D-BF88-F0E86271A5BE}.Release|Any CPU.ActiveCfg = Release|Any CPU
		{E3E761D0-0D52-480D-BF88-F0E86271A5BE}.Release|Any CPU.Build.0 = Release|Any CPU
		{E3E761D0-0D52-480D-BF88-F0E86271A5BE}.Release|x64.ActiveCfg = Release|x64
		{E3E761D0-0D52-480D-BF88-F0E86271A5BE}.Release|x64.Build.0 = Release|x64
		{E9CEBD42-B6F5-421D-A44B-516F0FA6D709}.Debug|Any CPU.ActiveCfg = Debug|Any CPU
		{E9CEBD42-B6F5-421D-A44B-516F0FA6D709}.Debug|Any CPU.Build.0 = Debug|Any CPU
		{E9CEBD42-B6F5-421D-A44B-516F0FA6D709}.Debug|x64.ActiveCfg = Debug|x64
		{E9CEBD42-B6F5-421D-A44B-516F0FA6D709}.Debug|x64.Build.0 = Debug|x64
		{E9CEBD42-B6F5-421D-A44B-516F0FA6D709}.Release|Any CPU.ActiveCfg = Release|Any CPU
		{E9CEBD42-B6F5-421D-A44B-516F0FA6D709}.Release|Any CPU.Build.0 = Release|Any CPU
		{E9CEBD42-B6F5-421D-A44B-516F0FA6D709}.Release|x64.ActiveCfg = Release|x64
		{E9CEBD42-B6F5-421D-A44B-516F0FA6D709}.Release|x64.Build.0 = Release|x64
		{B46C2AD9-C423-4A15-9B37-2EFB0F0812FF}.Debug|Any CPU.ActiveCfg = Debug|Any CPU
		{B46C2AD9-C423-4A15-9B37-2EFB0F0812FF}.Debug|Any CPU.Build.0 = Debug|Any CPU
		{B46C2AD9-C423-4A15-9B37-2EFB0F0812FF}.Debug|x64.ActiveCfg = Debug|x64
		{B46C2AD9-C423-4A15-9B37-2EFB0F0812FF}.Debug|x64.Build.0 = Debug|x64
		{B46C2AD9-C423-4A15-9B37-2EFB0F0812FF}.Release|Any CPU.ActiveCfg = Release|Any CPU
		{B46C2AD9-C423-4A15-9B37-2EFB0F0812FF}.Release|Any CPU.Build.0 = Release|Any CPU
		{B46C2AD9-C423-4A15-9B37-2EFB0F0812FF}.Release|x64.ActiveCfg = Release|x64
		{B46C2AD9-C423-4A15-9B37-2EFB0F0812FF}.Release|x64.Build.0 = Release|x64
		{BFBFC4F7-4D4B-4698-A37C-0AA4AB41C88C}.Debug|Any CPU.ActiveCfg = Debug|Any CPU
		{BFBFC4F7-4D4B-4698-A37C-0AA4AB41C88C}.Debug|Any CPU.Build.0 = Debug|Any CPU
		{BFBFC4F7-4D4B-4698-A37C-0AA4AB41C88C}.Debug|x64.ActiveCfg = Debug|Any CPU
		{BFBFC4F7-4D4B-4698-A37C-0AA4AB41C88C}.Debug|x64.Build.0 = Debug|Any CPU
		{BFBFC4F7-4D4B-4698-A37C-0AA4AB41C88C}.Release|Any CPU.ActiveCfg = Release|Any CPU
		{BFBFC4F7-4D4B-4698-A37C-0AA4AB41C88C}.Release|Any CPU.Build.0 = Release|Any CPU
		{BFBFC4F7-4D4B-4698-A37C-0AA4AB41C88C}.Release|x64.ActiveCfg = Release|Any CPU
		{BFBFC4F7-4D4B-4698-A37C-0AA4AB41C88C}.Release|x64.Build.0 = Release|Any CPU
	EndGlobalSection
	GlobalSection(SolutionProperties) = preSolution
		HideSolutionNode = FALSE
	EndGlobalSection
	GlobalSection(ExtensibilityGlobals) = postSolution
		SolutionGuid = {955B0998-493A-4355-AFF7-B1A28B91BA5E}
	EndGlobalSection
EndGlobal
